// !$*UTF8*$!
{
	archiveVersion = 1;
	classes = {
	};
	objectVersion = 46;
	objects = {

/* Begin PBXBuildFile section */
		CD747B9A18B9924F00EFCE09 /* BNRImageStore.m in Sources */ = {isa = PBXBuildFile; fileRef = CD747B9918B9924F00EFCE09 /* BNRImageStore.m */; };
		CD7DEAE618B925DD00ADBEC0 /* Foundation.framework in Frameworks */ = {isa = PBXBuildFile; fileRef = CD7DEAE518B925DD00ADBEC0 /* Foundation.framework */; };
		CD7DEAE818B925DD00ADBEC0 /* CoreGraphics.framework in Frameworks */ = {isa = PBXBuildFile; fileRef = CD7DEAE718B925DD00ADBEC0 /* CoreGraphics.framework */; };
		CD7DEAEA18B925DD00ADBEC0 /* UIKit.framework in Frameworks */ = {isa = PBXBuildFile; fileRef = CD7DEAE918B925DD00ADBEC0 /* UIKit.framework */; };
		CD7DEAF018B925DD00ADBEC0 /* InfoPlist.strings in Resources */ = {isa = PBXBuildFile; fileRef = CD7DEAEE18B925DD00ADBEC0 /* InfoPlist.strings */; };
		CD7DEAF218B925DD00ADBEC0 /* main.m in Sources */ = {isa = PBXBuildFile; fileRef = CD7DEAF118B925DD00ADBEC0 /* main.m */; };
		CD7DEAF618B925DD00ADBEC0 /* BNRAppDelegate.m in Sources */ = {isa = PBXBuildFile; fileRef = CD7DEAF518B925DD00ADBEC0 /* BNRAppDelegate.m */; };
		CD7DEAF818B925DD00ADBEC0 /* Images.xcassets in Resources */ = {isa = PBXBuildFile; fileRef = CD7DEAF718B925DD00ADBEC0 /* Images.xcassets */; };
		CD7DEAFF18B925DD00ADBEC0 /* XCTest.framework in Frameworks */ = {isa = PBXBuildFile; fileRef = CD7DEAFE18B925DD00ADBEC0 /* XCTest.framework */; };
		CD7DEB0018B925DD00ADBEC0 /* Foundation.framework in Frameworks */ = {isa = PBXBuildFile; fileRef = CD7DEAE518B925DD00ADBEC0 /* Foundation.framework */; };
		CD7DEB0118B925DD00ADBEC0 /* UIKit.framework in Frameworks */ = {isa = PBXBuildFile; fileRef = CD7DEAE918B925DD00ADBEC0 /* UIKit.framework */; };
		CD7DEB0918B925DD00ADBEC0 /* InfoPlist.strings in Resources */ = {isa = PBXBuildFile; fileRef = CD7DEB0718B925DD00ADBEC0 /* InfoPlist.strings */; };
		CD7DEB0B18B925DD00ADBEC0 /* HomepwnerTests.m in Sources */ = {isa = PBXBuildFile; fileRef = CD7DEB0A18B925DD00ADBEC0 /* HomepwnerTests.m */; };
		CD7DEB1618B926A500ADBEC0 /* BNRItemsViewController.m in Sources */ = {isa = PBXBuildFile; fileRef = CD7DEB1518B926A500ADBEC0 /* BNRItemsViewController.m */; };
		CD7DEB1918B9281500ADBEC0 /* BNRItem.m in Sources */ = {isa = PBXBuildFile; fileRef = CD7DEB1818B9281500ADBEC0 /* BNRItem.m */; };
		CD7DEB1C18B928CD00ADBEC0 /* BNRItemStore.m in Sources */ = {isa = PBXBuildFile; fileRef = CD7DEB1B18B928CD00ADBEC0 /* BNRItemStore.m */; };
		CD7DEB1E18B93BF300ADBEC0 /* HeaderView.xib in Resources */ = {isa = PBXBuildFile; fileRef = CD7DEB1D18B93BF300ADBEC0 /* HeaderView.xib */; };
		CD7DEB2218B9538400ADBEC0 /* BNRDetailViewController.m in Sources */ = {isa = PBXBuildFile; fileRef = CD7DEB2018B9538400ADBEC0 /* BNRDetailViewController.m */; };
		CD7DEB2318B9538400ADBEC0 /* BNRDetailViewController.xib in Resources */ = {isa = PBXBuildFile; fileRef = CD7DEB2118B9538400ADBEC0 /* BNRDetailViewController.xib */; };
/* End PBXBuildFile section */

/* Begin PBXContainerItemProxy section */
		CD7DEB0218B925DD00ADBEC0 /* PBXContainerItemProxy */ = {
			isa = PBXContainerItemProxy;
			containerPortal = CD7DEADA18B925DD00ADBEC0 /* Project object */;
			proxyType = 1;
			remoteGlobalIDString = CD7DEAE118B925DD00ADBEC0;
			remoteInfo = Homepwner;
		};
/* End PBXContainerItemProxy section */

/* Begin PBXFileReference section */
		CD747B9818B9924F00EFCE09 /* BNRImageStore.h */ = {isa = PBXFileReference; fileEncoding = 4; lastKnownFileType = sourcecode.c.h; path = BNRImageStore.h; sourceTree = "<group>"; };
		CD747B9918B9924F00EFCE09 /* BNRImageStore.m */ = {isa = PBXFileReference; fileEncoding = 4; lastKnownFileType = sourcecode.c.objc; path = BNRImageStore.m; sourceTree = "<group>"; };
		CD7DEAE218B925DD00ADBEC0 /* Homepwner.app */ = {isa = PBXFileReference; explicitFileType = wrapper.application; includeInIndex = 0; path = Homepwner.app; sourceTree = BUILT_PRODUCTS_DIR; };
		CD7DEAE518B925DD00ADBEC0 /* Foundation.framework */ = {isa = PBXFileReference; lastKnownFileType = wrapper.framework; name = Foundation.framework; path = System/Library/Frameworks/Foundation.framework; sourceTree = SDKROOT; };
		CD7DEAE718B925DD00ADBEC0 /* CoreGraphics.framework */ = {isa = PBXFileReference; lastKnownFileType = wrapper.framework; name = CoreGraphics.framework; path = System/Library/Frameworks/CoreGraphics.framework; sourceTree = SDKROOT; };
		CD7DEAE918B925DD00ADBEC0 /* UIKit.framework */ = {isa = PBXFileReference; lastKnownFileType = wrapper.framework; name = UIKit.framework; path = System/Library/Frameworks/UIKit.framework; sourceTree = SDKROOT; };
		CD7DEAED18B925DD00ADBEC0 /* Homepwner-Info.plist */ = {isa = PBXFileReference; lastKnownFileType = text.plist.xml; path = "Homepwner-Info.plist"; sourceTree = "<group>"; };
		CD7DEAEF18B925DD00ADBEC0 /* en */ = {isa = PBXFileReference; lastKnownFileType = text.plist.strings; name = en; path = en.lproj/InfoPlist.strings; sourceTree = "<group>"; };
		CD7DEAF118B925DD00ADBEC0 /* main.m */ = {isa = PBXFileReference; lastKnownFileType = sourcecode.c.objc; path = main.m; sourceTree = "<group>"; };
		CD7DEAF318B925DD00ADBEC0 /* Homepwner-Prefix.pch */ = {isa = PBXFileReference; lastKnownFileType = sourcecode.c.h; path = "Homepwner-Prefix.pch"; sourceTree = "<group>"; };
		CD7DEAF418B925DD00ADBEC0 /* BNRAppDelegate.h */ = {isa = PBXFileReference; lastKnownFileType = sourcecode.c.h; path = BNRAppDelegate.h; sourceTree = "<group>"; };
		CD7DEAF518B925DD00ADBEC0 /* BNRAppDelegate.m */ = {isa = PBXFileReference; lastKnownFileType = sourcecode.c.objc; path = BNRAppDelegate.m; sourceTree = "<group>"; };
		CD7DEAF718B925DD00ADBEC0 /* Images.xcassets */ = {isa = PBXFileReference; lastKnownFileType = folder.assetcatalog; path = Images.xcassets; sourceTree = "<group>"; };
		CD7DEAFD18B925DD00ADBEC0 /* HomepwnerTests.xctest */ = {isa = PBXFileReference; explicitFileType = wrapper.cfbundle; includeInIndex = 0; path = HomepwnerTests.xctest; sourceTree = BUILT_PRODUCTS_DIR; };
		CD7DEAFE18B925DD00ADBEC0 /* XCTest.framework */ = {isa = PBXFileReference; lastKnownFileType = wrapper.framework; name = XCTest.framework; path = Library/Frameworks/XCTest.framework; sourceTree = DEVELOPER_DIR; };
		CD7DEB0618B925DD00ADBEC0 /* HomepwnerTests-Info.plist */ = {isa = PBXFileReference; lastKnownFileType = text.plist.xml; path = "HomepwnerTests-Info.plist"; sourceTree = "<group>"; };
		CD7DEB0818B925DD00ADBEC0 /* en */ = {isa = PBXFileReference; lastKnownFileType = text.plist.strings; name = en; path = en.lproj/InfoPlist.strings; sourceTree = "<group>"; };
		CD7DEB0A18B925DD00ADBEC0 /* HomepwnerTests.m */ = {isa = PBXFileReference; lastKnownFileType = sourcecode.c.objc; path = HomepwnerTests.m; sourceTree = "<group>"; };
		CD7DEB1418B926A500ADBEC0 /* BNRItemsViewController.h */ = {isa = PBXFileReference; fileEncoding = 4; lastKnownFileType = sourcecode.c.h; path = BNRItemsViewController.h; sourceTree = "<group>"; };
		CD7DEB1518B926A500ADBEC0 /* BNRItemsViewController.m */ = {isa = PBXFileReference; fileEncoding = 4; lastKnownFileType = sourcecode.c.objc; path = BNRItemsViewController.m; sourceTree = "<group>"; };
		CD7DEB1718B9281500ADBEC0 /* BNRItem.h */ = {isa = PBXFileReference; fileEncoding = 4; lastKnownFileType = sourcecode.c.h; path = BNRItem.h; sourceTree = "<group>"; };
		CD7DEB1818B9281500ADBEC0 /* BNRItem.m */ = {isa = PBXFileReference; fileEncoding = 4; lastKnownFileType = sourcecode.c.objc; path = BNRItem.m; sourceTree = "<group>"; };
		CD7DEB1A18B928CD00ADBEC0 /* BNRItemStore.h */ = {isa = PBXFileReference; fileEncoding = 4; lastKnownFileType = sourcecode.c.h; path = BNRItemStore.h; sourceTree = "<group>"; };
		CD7DEB1B18B928CD00ADBEC0 /* BNRItemStore.m */ = {isa = PBXFileReference; fileEncoding = 4; lastKnownFileType = sourcecode.c.objc; path = BNRItemStore.m; sourceTree = "<group>"; };
		CD7DEB1D18B93BF300ADBEC0 /* HeaderView.xib */ = {isa = PBXFileReference; fileEncoding = 4; lastKnownFileType = file.xib; path = HeaderView.xib; sourceTree = "<group>"; };
		CD7DEB1F18B9538400ADBEC0 /* BNRDetailViewController.h */ = {isa = PBXFileReference; fileEncoding = 4; lastKnownFileType = sourcecode.c.h; path = BNRDetailViewController.h; sourceTree = "<group>"; };
		CD7DEB2018B9538400ADBEC0 /* BNRDetailViewController.m */ = {isa = PBXFileReference; fileEncoding = 4; lastKnownFileType = sourcecode.c.objc; path = BNRDetailViewController.m; sourceTree = "<group>"; };
		CD7DEB2118B9538400ADBEC0 /* BNRDetailViewController.xib */ = {isa = PBXFileReference; fileEncoding = 4; lastKnownFileType = file.xib; path = BNRDetailViewController.xib; sourceTree = "<group>"; };
/* End PBXFileReference section */

/* Begin PBXFrameworksBuildPhase section */
		CD7DEADF18B925DD00ADBEC0 /* Frameworks */ = {
			isa = PBXFrameworksBuildPhase;
			buildActionMask = 2147483647;
			files = (
				CD7DEAE818B925DD00ADBEC0 /* CoreGraphics.framework in Frameworks */,
				CD7DEAEA18B925DD00ADBEC0 /* UIKit.framework in Frameworks */,
				CD7DEAE618B925DD00ADBEC0 /* Foundation.framework in Frameworks */,
			);
			runOnlyForDeploymentPostprocessing = 0;
		};
		CD7DEAFA18B925DD00ADBEC0 /* Frameworks */ = {
			isa = PBXFrameworksBuildPhase;
			buildActionMask = 2147483647;
			files = (
				CD7DEAFF18B925DD00ADBEC0 /* XCTest.framework in Frameworks */,
				CD7DEB0118B925DD00ADBEC0 /* UIKit.framework in Frameworks */,
				CD7DEB0018B925DD00ADBEC0 /* Foundation.framework in Frameworks */,
			);
			runOnlyForDeploymentPostprocessing = 0;
		};
/* End PBXFrameworksBuildPhase section */

/* Begin PBXGroup section */
		CD7DEAD918B925DD00ADBEC0 = {
			isa = PBXGroup;
			children = (
				CD7DEAEB18B925DD00ADBEC0 /* Homepwner */,
				CD7DEB0418B925DD00ADBEC0 /* HomepwnerTests */,
				CD7DEAE418B925DD00ADBEC0 /* Frameworks */,
				CD7DEAE318B925DD00ADBEC0 /* Products */,
			);
			sourceTree = "<group>";
		};
		CD7DEAE318B925DD00ADBEC0 /* Products */ = {
			isa = PBXGroup;
			children = (
				CD7DEAE218B925DD00ADBEC0 /* Homepwner.app */,
				CD7DEAFD18B925DD00ADBEC0 /* HomepwnerTests.xctest */,
			);
			name = Products;
			sourceTree = "<group>";
		};
		CD7DEAE418B925DD00ADBEC0 /* Frameworks */ = {
			isa = PBXGroup;
			children = (
				CD7DEAE518B925DD00ADBEC0 /* Foundation.framework */,
				CD7DEAE718B925DD00ADBEC0 /* CoreGraphics.framework */,
				CD7DEAE918B925DD00ADBEC0 /* UIKit.framework */,
				CD7DEAFE18B925DD00ADBEC0 /* XCTest.framework */,
			);
			name = Frameworks;
			sourceTree = "<group>";
		};
		CD7DEAEB18B925DD00ADBEC0 /* Homepwner */ = {
			isa = PBXGroup;
			children = (
				CD7DEB1F18B9538400ADBEC0 /* BNRDetailViewController.h */,
				CD7DEB2018B9538400ADBEC0 /* BNRDetailViewController.m */,
				CD7DEB2118B9538400ADBEC0 /* BNRDetailViewController.xib */,
				CD7DEB1418B926A500ADBEC0 /* BNRItemsViewController.h */,
				CD7DEB1518B926A500ADBEC0 /* BNRItemsViewController.m */,
				CD7DEB1718B9281500ADBEC0 /* BNRItem.h */,
				CD7DEB1818B9281500ADBEC0 /* BNRItem.m */,
				CD7DEB1A18B928CD00ADBEC0 /* BNRItemStore.h */,
				CD7DEB1B18B928CD00ADBEC0 /* BNRItemStore.m */,
				CD747B9818B9924F00EFCE09 /* BNRImageStore.h */,
				CD747B9918B9924F00EFCE09 /* BNRImageStore.m */,
				CD7DEAF718B925DD00ADBEC0 /* Images.xcassets */,
				CD7DEAEC18B925DD00ADBEC0 /* Supporting Files */,
			);
			path = Homepwner;
			sourceTree = "<group>";
		};
		CD7DEAEC18B925DD00ADBEC0 /* Supporting Files */ = {
			isa = PBXGroup;
			children = (
				CD7DEB1D18B93BF300ADBEC0 /* HeaderView.xib */,
				CD7DEAF418B925DD00ADBEC0 /* BNRAppDelegate.h */,
				CD7DEAF518B925DD00ADBEC0 /* BNRAppDelegate.m */,
				CD7DEAED18B925DD00ADBEC0 /* Homepwner-Info.plist */,
				CD7DEAEE18B925DD00ADBEC0 /* InfoPlist.strings */,
				CD7DEAF118B925DD00ADBEC0 /* main.m */,
				CD7DEAF318B925DD00ADBEC0 /* Homepwner-Prefix.pch */,
			);
			name = "Supporting Files";
			sourceTree = "<group>";
		};
		CD7DEB0418B925DD00ADBEC0 /* HomepwnerTests */ = {
			isa = PBXGroup;
			children = (
				CD7DEB0A18B925DD00ADBEC0 /* HomepwnerTests.m */,
				CD7DEB0518B925DD00ADBEC0 /* Supporting Files */,
			);
			path = HomepwnerTests;
			sourceTree = "<group>";
		};
		CD7DEB0518B925DD00ADBEC0 /* Supporting Files */ = {
			isa = PBXGroup;
			children = (
				CD7DEB0618B925DD00ADBEC0 /* HomepwnerTests-Info.plist */,
				CD7DEB0718B925DD00ADBEC0 /* InfoPlist.strings */,
			);
			name = "Supporting Files";
			sourceTree = "<group>";
		};
/* End PBXGroup section */

/* Begin PBXNativeTarget section */
		CD7DEAE118B925DD00ADBEC0 /* Homepwner */ = {
			isa = PBXNativeTarget;
			buildConfigurationList = CD7DEB0E18B925DD00ADBEC0 /* Build configuration list for PBXNativeTarget "Homepwner" */;
			buildPhases = (
				CD7DEADE18B925DD00ADBEC0 /* Sources */,
				CD7DEADF18B925DD00ADBEC0 /* Frameworks */,
				CD7DEAE018B925DD00ADBEC0 /* Resources */,
			);
			buildRules = (
			);
			dependencies = (
			);
			name = Homepwner;
			productName = Homepwner;
			productReference = CD7DEAE218B925DD00ADBEC0 /* Homepwner.app */;
			productType = "com.apple.product-type.application";
		};
		CD7DEAFC18B925DD00ADBEC0 /* HomepwnerTests */ = {
			isa = PBXNativeTarget;
			buildConfigurationList = CD7DEB1118B925DD00ADBEC0 /* Build configuration list for PBXNativeTarget "HomepwnerTests" */;
			buildPhases = (
				CD7DEAF918B925DD00ADBEC0 /* Sources */,
				CD7DEAFA18B925DD00ADBEC0 /* Frameworks */,
				CD7DEAFB18B925DD00ADBEC0 /* Resources */,
			);
			buildRules = (
			);
			dependencies = (
				CD7DEB0318B925DD00ADBEC0 /* PBXTargetDependency */,
			);
			name = HomepwnerTests;
			productName = HomepwnerTests;
			productReference = CD7DEAFD18B925DD00ADBEC0 /* HomepwnerTests.xctest */;
			productType = "com.apple.product-type.bundle.unit-test";
		};
/* End PBXNativeTarget section */

/* Begin PBXProject section */
		CD7DEADA18B925DD00ADBEC0 /* Project object */ = {
			isa = PBXProject;
			attributes = {
				CLASSPREFIX = BNR;
				LastUpgradeCheck = 0500;
				ORGANIZATIONNAME = "Patrick Reynolds";
				TargetAttributes = {
					CD7DEAFC18B925DD00ADBEC0 = {
						TestTargetID = CD7DEAE118B925DD00ADBEC0;
					};
				};
			};
			buildConfigurationList = CD7DEADD18B925DD00ADBEC0 /* Build configuration list for PBXProject "Homepwner" */;
			compatibilityVersion = "Xcode 3.2";
			developmentRegion = English;
			hasScannedForEncodings = 0;
			knownRegions = (
				en,
			);
			mainGroup = CD7DEAD918B925DD00ADBEC0;
			productRefGroup = CD7DEAE318B925DD00ADBEC0 /* Products */;
			projectDirPath = "";
			projectRoot = "";
			targets = (
				CD7DEAE118B925DD00ADBEC0 /* Homepwner */,
				CD7DEAFC18B925DD00ADBEC0 /* HomepwnerTests */,
			);
		};
/* End PBXProject section */

/* Begin PBXResourcesBuildPhase section */
		CD7DEAE018B925DD00ADBEC0 /* Resources */ = {
			isa = PBXResourcesBuildPhase;
			buildActionMask = 2147483647;
			files = (
				CD7DEB2318B9538400ADBEC0 /* BNRDetailViewController.xib in Resources */,
				CD7DEB1E18B93BF300ADBEC0 /* HeaderView.xib in Resources */,
				CD7DEAF018B925DD00ADBEC0 /* InfoPlist.strings in Resources */,
				CD7DEAF818B925DD00ADBEC0 /* Images.xcassets in Resources */,
			);
			runOnlyForDeploymentPostprocessing = 0;
		};
		CD7DEAFB18B925DD00ADBEC0 /* Resources */ = {
			isa = PBXResourcesBuildPhase;
			buildActionMask = 2147483647;
			files = (
				CD7DEB0918B925DD00ADBEC0 /* InfoPlist.strings in Resources */,
			);
			runOnlyForDeploymentPostprocessing = 0;
		};
/* End PBXResourcesBuildPhase section */

/* Begin PBXSourcesBuildPhase section */
		CD7DEADE18B925DD00ADBEC0 /* Sources */ = {
			isa = PBXSourcesBuildPhase;
			buildActionMask = 2147483647;
			files = (
				CD7DEB2218B9538400ADBEC0 /* BNRDetailViewController.m in Sources */,
				CD7DEB1C18B928CD00ADBEC0 /* BNRItemStore.m in Sources */,
				CD747B9A18B9924F00EFCE09 /* BNRImageStore.m in Sources */,
				CD7DEB1618B926A500ADBEC0 /* BNRItemsViewController.m in Sources */,
				CD7DEB1918B9281500ADBEC0 /* BNRItem.m in Sources */,
				CD7DEAF218B925DD00ADBEC0 /* main.m in Sources */,
				CD7DEAF618B925DD00ADBEC0 /* BNRAppDelegate.m in Sources */,
			);
			runOnlyForDeploymentPostprocessing = 0;
		};
		CD7DEAF918B925DD00ADBEC0 /* Sources */ = {
			isa = PBXSourcesBuildPhase;
			buildActionMask = 2147483647;
			files = (
				CD7DEB0B18B925DD00ADBEC0 /* HomepwnerTests.m in Sources */,
			);
			runOnlyForDeploymentPostprocessing = 0;
		};
/* End PBXSourcesBuildPhase section */

/* Begin PBXTargetDependency section */
		CD7DEB0318B925DD00ADBEC0 /* PBXTargetDependency */ = {
			isa = PBXTargetDependency;
			target = CD7DEAE118B925DD00ADBEC0 /* Homepwner */;
			targetProxy = CD7DEB0218B925DD00ADBEC0 /* PBXContainerItemProxy */;
		};
/* End PBXTargetDependency section */

/* Begin PBXVariantGroup section */
		CD7DEAEE18B925DD00ADBEC0 /* InfoPlist.strings */ = {
			isa = PBXVariantGroup;
			children = (
				CD7DEAEF18B925DD00ADBEC0 /* en */,
			);
			name = InfoPlist.strings;
			sourceTree = "<group>";
		};
		CD7DEB0718B925DD00ADBEC0 /* InfoPlist.strings */ = {
			isa = PBXVariantGroup;
			children = (
				CD7DEB0818B925DD00ADBEC0 /* en */,
			);
			name = InfoPlist.strings;
			sourceTree = "<group>";
		};
/* End PBXVariantGroup section */

/* Begin XCBuildConfiguration section */
		CD7DEB0C18B925DD00ADBEC0 /* Debug */ = {
			isa = XCBuildConfiguration;
			buildSettings = {
				ALWAYS_SEARCH_USER_PATHS = NO;
				ARCHS = "$(ARCHS_STANDARD_INCLUDING_64_BIT)";
				CLANG_CXX_LANGUAGE_STANDARD = "gnu++0x";
				CLANG_CXX_LIBRARY = "libc++";
				CLANG_ENABLE_MODULES = YES;
				CLANG_ENABLE_OBJC_ARC = YES;
				CLANG_WARN_BOOL_CONVERSION = YES;
				CLANG_WARN_CONSTANT_CONVERSION = YES;
				CLANG_WARN_DIRECT_OBJC_ISA_USAGE = YES_ERROR;
				CLANG_WARN_EMPTY_BODY = YES;
				CLANG_WARN_ENUM_CONVERSION = YES;
				CLANG_WARN_INT_CONVERSION = YES;
				CLANG_WARN_OBJC_ROOT_CLASS = YES_ERROR;
				CLANG_WARN__DUPLICATE_METHOD_MATCH = YES;
				"CODE_SIGN_IDENTITY[sdk=iphoneos*]" = "iPhone Developer";
				COPY_PHASE_STRIP = NO;
				GCC_C_LANGUAGE_STANDARD = gnu99;
				GCC_DYNAMIC_NO_PIC = NO;
				GCC_OPTIMIZATION_LEVEL = 0;
				GCC_PREPROCESSOR_DEFINITIONS = (
					"DEBUG=1",
					"$(inherited)",
				);
				GCC_SYMBOLS_PRIVATE_EXTERN = NO;
				GCC_WARN_64_TO_32_BIT_CONVERSION = YES;
				GCC_WARN_ABOUT_RETURN_TYPE = YES_ERROR;
				GCC_WARN_UNDECLARED_SELECTOR = YES;
				GCC_WARN_UNINITIALIZED_AUTOS = YES;
				GCC_WARN_UNUSED_FUNCTION = YES;
				GCC_WARN_UNUSED_VARIABLE = YES;
				IPHONEOS_DEPLOYMENT_TARGET = 7.0;
				ONLY_ACTIVE_ARCH = YES;
				SDKROOT = iphoneos;
			};
			name = Debug;
		};
		CD7DEB0D18B925DD00ADBEC0 /* Release */ = {
			isa = XCBuildConfiguration;
			buildSettings = {
				ALWAYS_SEARCH_USER_PATHS = NO;
				ARCHS = "$(ARCHS_STANDARD_INCLUDING_64_BIT)";
				CLANG_CXX_LANGUAGE_STANDARD = "gnu++0x";
				CLANG_CXX_LIBRARY = "libc++";
				CLANG_ENABLE_MODULES = YES;
				CLANG_ENABLE_OBJC_ARC = YES;
				CLANG_WARN_BOOL_CONVERSION = YES;
				CLANG_WARN_CONSTANT_CONVERSION = YES;
				CLANG_WARN_DIRECT_OBJC_ISA_USAGE = YES_ERROR;
				CLANG_WARN_EMPTY_BODY = YES;
				CLANG_WARN_ENUM_CONVERSION = YES;
				CLANG_WARN_INT_CONVERSION = YES;
				CLANG_WARN_OBJC_ROOT_CLASS = YES_ERROR;
				CLANG_WARN__DUPLICATE_METHOD_MATCH = YES;
				"CODE_SIGN_IDENTITY[sdk=iphoneos*]" = "iPhone Developer";
				COPY_PHASE_STRIP = YES;
				ENABLE_NS_ASSERTIONS = NO;
				GCC_C_LANGUAGE_STANDARD = gnu99;
				GCC_WARN_64_TO_32_BIT_CONVERSION = YES;
				GCC_WARN_ABOUT_RETURN_TYPE = YES_ERROR;
				GCC_WARN_UNDECLARED_SELECTOR = YES;
				GCC_WARN_UNINITIALIZED_AUTOS = YES;
				GCC_WARN_UNUSED_FUNCTION = YES;
				GCC_WARN_UNUSED_VARIABLE = YES;
				IPHONEOS_DEPLOYMENT_TARGET = 7.0;
				SDKROOT = iphoneos;
				VALIDATE_PRODUCT = YES;
			};
			name = Release;
		};
		CD7DEB0F18B925DD00ADBEC0 /* Debug */ = {
			isa = XCBuildConfiguration;
			buildSettings = {
				ASSETCATALOG_COMPILER_APPICON_NAME = AppIcon;
				ASSETCATALOG_COMPILER_LAUNCHIMAGE_NAME = LaunchImage;
				GCC_PRECOMPILE_PREFIX_HEADER = YES;
				GCC_PREFIX_HEADER = "Homepwner/Homepwner-Prefix.pch";
				INFOPLIST_FILE = "Homepwner/Homepwner-Info.plist";
				PRODUCT_NAME = "$(TARGET_NAME)";
				WRAPPER_EXTENSION = app;
			};
			name = Debug;
		};
		CD7DEB1018B925DD00ADBEC0 /* Release */ = {
			isa = XCBuildConfiguration;
			buildSettings = {
				ASSETCATALOG_COMPILER_APPICON_NAME = AppIcon;
				ASSETCATALOG_COMPILER_LAUNCHIMAGE_NAME = LaunchImage;
				GCC_PRECOMPILE_PREFIX_HEADER = YES;
				GCC_PREFIX_HEADER = "Homepwner/Homepwner-Prefix.pch";
				INFOPLIST_FILE = "Homepwner/Homepwner-Info.plist";
				PRODUCT_NAME = "$(TARGET_NAME)";
				WRAPPER_EXTENSION = app;
			};
			name = Release;
		};
		CD7DEB1218B925DD00ADBEC0 /* Debug */ = {
			isa = XCBuildConfiguration;
			buildSettings = {
				ARCHS = "$(ARCHS_STANDARD_INCLUDING_64_BIT)";
				BUNDLE_LOADER = "$(BUILT_PRODUCTS_DIR)/Homepwner.app/Homepwner";
				FRAMEWORK_SEARCH_PATHS = (
					"$(SDKROOT)/Developer/Library/Frameworks",
					"$(inherited)",
					"$(DEVELOPER_FRAMEWORKS_DIR)",
				);
				GCC_PRECOMPILE_PREFIX_HEADER = YES;
				GCC_PREFIX_HEADER = "Homepwner/Homepwner-Prefix.pch";
				GCC_PREPROCESSOR_DEFINITIONS = (
					"DEBUG=1",
					"$(inherited)",
				);
				INFOPLIST_FILE = "HomepwnerTests/HomepwnerTests-Info.plist";
				PRODUCT_NAME = "$(TARGET_NAME)";
				TEST_HOST = "$(BUNDLE_LOADER)";
				WRAPPER_EXTENSION = xctest;
			};
			name = Debug;
		};
		CD7DEB1318B925DD00ADBEC0 /* Release */ = {
			isa = XCBuildConfiguration;
			buildSettings = {
				ARCHS = "$(ARCHS_STANDARD_INCLUDING_64_BIT)";
				BUNDLE_LOADER = "$(BUILT_PRODUCTS_DIR)/Homepwner.app/Homepwner";
				FRAMEWORK_SEARCH_PATHS = (
					"$(SDKROOT)/Developer/Library/Frameworks",
					"$(inherited)",
					"$(DEVELOPER_FRAMEWORKS_DIR)",
				);
				GCC_PRECOMPILE_PREFIX_HEADER = YES;
				GCC_PREFIX_HEADER = "Homepwner/Homepwner-Prefix.pch";
				INFOPLIST_FILE = "HomepwnerTests/HomepwnerTests-Info.plist";
				PRODUCT_NAME = "$(TARGET_NAME)";
				TEST_HOST = "$(BUNDLE_LOADER)";
				WRAPPER_EXTENSION = xctest;
			};
			name = Release;
		};
/* End XCBuildConfiguration section */

/* Begin XCConfigurationList section */
		CD7DEADD18B925DD00ADBEC0 /* Build configuration list for PBXProject "Homepwner" */ = {
			isa = XCConfigurationList;
			buildConfigurations = (
				CD7DEB0C18B925DD00ADBEC0 /* Debug */,
				CD7DEB0D18B925DD00ADBEC0 /* Release */,
			);
			defaultConfigurationIsVisible = 0;
			defaultConfigurationName = Release;
		};
		CD7DEB0E18B925DD00ADBEC0 /* Build configuration list for PBXNativeTarget "Homepwner" */ = {
			isa = XCConfigurationList;
			buildConfigurations = (
				CD7DEB0F18B925DD00ADBEC0 /* Debug */,
				CD7DEB1018B925DD00ADBEC0 /* Release */,
			);
			defaultConfigurationIsVisible = 0;
			defaultConfigurationName = Release;
		};
		CD7DEB1118B925DD00ADBEC0 /* Build configuration list for PBXNativeTarget "HomepwnerTests" */ = {
			isa = XCConfigurationList;
			buildConfigurations = (
				CD7DEB1218B925DD00ADBEC0 /* Debug */,
				CD7DEB1318B925DD00ADBEC0 /* Release */,
			);
			defaultConfigurationIsVisible = 0;
			defaultConfigurationName = Release;
		};
/* End XCConfigurationList section */
	};
	rootObject = CD7DEADA18B925DD00ADBEC0 /* Project object */;
}
