// !$*UTF8*$!
{
	archiveVersion = 1;
	classes = {
	};
	objectVersion = 46;
	objects = {

/* Begin PBXBuildFile section */
		CDDC6E3218AB0DD200D5D094 /* Foundation.framework in Frameworks */ = {isa = PBXBuildFile; fileRef = CDDC6E3118AB0DD200D5D094 /* Foundation.framework */; };
		CDDC6E3418AB0DD200D5D094 /* CoreGraphics.framework in Frameworks */ = {isa = PBXBuildFile; fileRef = CDDC6E3318AB0DD200D5D094 /* CoreGraphics.framework */; };
		CDDC6E3618AB0DD200D5D094 /* UIKit.framework in Frameworks */ = {isa = PBXBuildFile; fileRef = CDDC6E3518AB0DD200D5D094 /* UIKit.framework */; };
		CDDC6E3C18AB0DD200D5D094 /* InfoPlist.strings in Resources */ = {isa = PBXBuildFile; fileRef = CDDC6E3A18AB0DD200D5D094 /* InfoPlist.strings */; };
		CDDC6E3E18AB0DD200D5D094 /* main.m in Sources */ = {isa = PBXBuildFile; fileRef = CDDC6E3D18AB0DD200D5D094 /* main.m */; };
		CDDC6E4218AB0DD200D5D094 /* WhereamiMapAppDelegate.m in Sources */ = {isa = PBXBuildFile; fileRef = CDDC6E4118AB0DD200D5D094 /* WhereamiMapAppDelegate.m */; };
		CDDC6E4518AB0DD200D5D094 /* Main.storyboard in Resources */ = {isa = PBXBuildFile; fileRef = CDDC6E4318AB0DD200D5D094 /* Main.storyboard */; };
		CDDC6E4818AB0DD200D5D094 /* WhereamiMapViewController.m in Sources */ = {isa = PBXBuildFile; fileRef = CDDC6E4718AB0DD200D5D094 /* WhereamiMapViewController.m */; };
		CDDC6E4A18AB0DD200D5D094 /* Images.xcassets in Resources */ = {isa = PBXBuildFile; fileRef = CDDC6E4918AB0DD200D5D094 /* Images.xcassets */; };
		CDDC6E5118AB0DD200D5D094 /* XCTest.framework in Frameworks */ = {isa = PBXBuildFile; fileRef = CDDC6E5018AB0DD200D5D094 /* XCTest.framework */; };
		CDDC6E5218AB0DD200D5D094 /* Foundation.framework in Frameworks */ = {isa = PBXBuildFile; fileRef = CDDC6E3118AB0DD200D5D094 /* Foundation.framework */; };
		CDDC6E5318AB0DD200D5D094 /* UIKit.framework in Frameworks */ = {isa = PBXBuildFile; fileRef = CDDC6E3518AB0DD200D5D094 /* UIKit.framework */; };
		CDDC6E5B18AB0DD200D5D094 /* InfoPlist.strings in Resources */ = {isa = PBXBuildFile; fileRef = CDDC6E5918AB0DD200D5D094 /* InfoPlist.strings */; };
		CDDC6E5D18AB0DD200D5D094 /* WhereamiMapTests.m in Sources */ = {isa = PBXBuildFile; fileRef = CDDC6E5C18AB0DD200D5D094 /* WhereamiMapTests.m */; };
		CDDC6E6718AB0DF000D5D094 /* CoreLocation.framework in Frameworks */ = {isa = PBXBuildFile; fileRef = CDDC6E6618AB0DF000D5D094 /* CoreLocation.framework */; };
		CDDC6E6918AB0ED800D5D094 /* MapKit.framework in Frameworks */ = {isa = PBXBuildFile; fileRef = CDDC6E6818AB0ED800D5D094 /* MapKit.framework */; };
		CDDC6E7018AB5D6F00D5D094 /* BNRMapPoint.m in Sources */ = {isa = PBXBuildFile; fileRef = CDDC6E6F18AB5D6F00D5D094 /* BNRMapPoint.m */; };
/* End PBXBuildFile section */

/* Begin PBXContainerItemProxy section */
		CDDC6E5418AB0DD200D5D094 /* PBXContainerItemProxy */ = {
			isa = PBXContainerItemProxy;
			containerPortal = CDDC6E2618AB0DD200D5D094 /* Project object */;
			proxyType = 1;
			remoteGlobalIDString = CDDC6E2D18AB0DD200D5D094;
			remoteInfo = WhereamiMap;
		};
/* End PBXContainerItemProxy section */

/* Begin PBXFileReference section */
		CDDC6E2E18AB0DD200D5D094 /* WhereamiMap.app */ = {isa = PBXFileReference; explicitFileType = wrapper.application; includeInIndex = 0; path = WhereamiMap.app; sourceTree = BUILT_PRODUCTS_DIR; };
		CDDC6E3118AB0DD200D5D094 /* Foundation.framework */ = {isa = PBXFileReference; lastKnownFileType = wrapper.framework; name = Foundation.framework; path = System/Library/Frameworks/Foundation.framework; sourceTree = SDKROOT; };
		CDDC6E3318AB0DD200D5D094 /* CoreGraphics.framework */ = {isa = PBXFileReference; lastKnownFileType = wrapper.framework; name = CoreGraphics.framework; path = System/Library/Frameworks/CoreGraphics.framework; sourceTree = SDKROOT; };
		CDDC6E3518AB0DD200D5D094 /* UIKit.framework */ = {isa = PBXFileReference; lastKnownFileType = wrapper.framework; name = UIKit.framework; path = System/Library/Frameworks/UIKit.framework; sourceTree = SDKROOT; };
		CDDC6E3918AB0DD200D5D094 /* WhereamiMap-Info.plist */ = {isa = PBXFileReference; lastKnownFileType = text.plist.xml; path = "WhereamiMap-Info.plist"; sourceTree = "<group>"; };
		CDDC6E3B18AB0DD200D5D094 /* en */ = {isa = PBXFileReference; lastKnownFileType = text.plist.strings; name = en; path = en.lproj/InfoPlist.strings; sourceTree = "<group>"; };
		CDDC6E3D18AB0DD200D5D094 /* main.m */ = {isa = PBXFileReference; lastKnownFileType = sourcecode.c.objc; path = main.m; sourceTree = "<group>"; };
		CDDC6E3F18AB0DD200D5D094 /* WhereamiMap-Prefix.pch */ = {isa = PBXFileReference; lastKnownFileType = sourcecode.c.h; path = "WhereamiMap-Prefix.pch"; sourceTree = "<group>"; };
		CDDC6E4018AB0DD200D5D094 /* WhereamiMapAppDelegate.h */ = {isa = PBXFileReference; lastKnownFileType = sourcecode.c.h; path = WhereamiMapAppDelegate.h; sourceTree = "<group>"; };
		CDDC6E4118AB0DD200D5D094 /* WhereamiMapAppDelegate.m */ = {isa = PBXFileReference; lastKnownFileType = sourcecode.c.objc; path = WhereamiMapAppDelegate.m; sourceTree = "<group>"; };
		CDDC6E4418AB0DD200D5D094 /* Base */ = {isa = PBXFileReference; lastKnownFileType = file.storyboard; name = Base; path = Base.lproj/Main.storyboard; sourceTree = "<group>"; };
		CDDC6E4618AB0DD200D5D094 /* WhereamiMapViewController.h */ = {isa = PBXFileReference; lastKnownFileType = sourcecode.c.h; path = WhereamiMapViewController.h; sourceTree = "<group>"; };
		CDDC6E4718AB0DD200D5D094 /* WhereamiMapViewController.m */ = {isa = PBXFileReference; lastKnownFileType = sourcecode.c.objc; path = WhereamiMapViewController.m; sourceTree = "<group>"; };
		CDDC6E4918AB0DD200D5D094 /* Images.xcassets */ = {isa = PBXFileReference; lastKnownFileType = folder.assetcatalog; path = Images.xcassets; sourceTree = "<group>"; };
		CDDC6E4F18AB0DD200D5D094 /* WhereamiMapTests.xctest */ = {isa = PBXFileReference; explicitFileType = wrapper.cfbundle; includeInIndex = 0; path = WhereamiMapTests.xctest; sourceTree = BUILT_PRODUCTS_DIR; };
		CDDC6E5018AB0DD200D5D094 /* XCTest.framework */ = {isa = PBXFileReference; lastKnownFileType = wrapper.framework; name = XCTest.framework; path = Library/Frameworks/XCTest.framework; sourceTree = DEVELOPER_DIR; };
		CDDC6E5818AB0DD200D5D094 /* WhereamiMapTests-Info.plist */ = {isa = PBXFileReference; lastKnownFileType = text.plist.xml; path = "WhereamiMapTests-Info.plist"; sourceTree = "<group>"; };
		CDDC6E5A18AB0DD200D5D094 /* en */ = {isa = PBXFileReference; lastKnownFileType = text.plist.strings; name = en; path = en.lproj/InfoPlist.strings; sourceTree = "<group>"; };
		CDDC6E5C18AB0DD200D5D094 /* WhereamiMapTests.m */ = {isa = PBXFileReference; lastKnownFileType = sourcecode.c.objc; path = WhereamiMapTests.m; sourceTree = "<group>"; };
		CDDC6E6618AB0DF000D5D094 /* CoreLocation.framework */ = {isa = PBXFileReference; lastKnownFileType = wrapper.framework; name = CoreLocation.framework; path = System/Library/Frameworks/CoreLocation.framework; sourceTree = SDKROOT; };
		CDDC6E6818AB0ED800D5D094 /* MapKit.framework */ = {isa = PBXFileReference; lastKnownFileType = wrapper.framework; name = MapKit.framework; path = System/Library/Frameworks/MapKit.framework; sourceTree = SDKROOT; };
		CDDC6E6E18AB5D6F00D5D094 /* BNRMapPoint.h */ = {isa = PBXFileReference; fileEncoding = 4; lastKnownFileType = sourcecode.c.h; path = BNRMapPoint.h; sourceTree = "<group>"; };
		CDDC6E6F18AB5D6F00D5D094 /* BNRMapPoint.m */ = {isa = PBXFileReference; fileEncoding = 4; lastKnownFileType = sourcecode.c.objc; path = BNRMapPoint.m; sourceTree = "<group>"; };
/* End PBXFileReference section */

/* Begin PBXFrameworksBuildPhase section */
		CDDC6E2B18AB0DD200D5D094 /* Frameworks */ = {
			isa = PBXFrameworksBuildPhase;
			buildActionMask = 2147483647;
			files = (
				CDDC6E6918AB0ED800D5D094 /* MapKit.framework in Frameworks */,
				CDDC6E6718AB0DF000D5D094 /* CoreLocation.framework in Frameworks */,
				CDDC6E3418AB0DD200D5D094 /* CoreGraphics.framework in Frameworks */,
				CDDC6E3618AB0DD200D5D094 /* UIKit.framework in Frameworks */,
				CDDC6E3218AB0DD200D5D094 /* Foundation.framework in Frameworks */,
			);
			runOnlyForDeploymentPostprocessing = 0;
		};
		CDDC6E4C18AB0DD200D5D094 /* Frameworks */ = {
			isa = PBXFrameworksBuildPhase;
			buildActionMask = 2147483647;
			files = (
				CDDC6E5118AB0DD200D5D094 /* XCTest.framework in Frameworks */,
				CDDC6E5318AB0DD200D5D094 /* UIKit.framework in Frameworks */,
				CDDC6E5218AB0DD200D5D094 /* Foundation.framework in Frameworks */,
			);
			runOnlyForDeploymentPostprocessing = 0;
		};
/* End PBXFrameworksBuildPhase section */

/* Begin PBXGroup section */
		CDDC6E2518AB0DD200D5D094 = {
			isa = PBXGroup;
			children = (
				CDDC6E3718AB0DD200D5D094 /* WhereamiMap */,
				CDDC6E5618AB0DD200D5D094 /* WhereamiMapTests */,
				CDDC6E3018AB0DD200D5D094 /* Frameworks */,
				CDDC6E2F18AB0DD200D5D094 /* Products */,
			);
			sourceTree = "<group>";
		};
		CDDC6E2F18AB0DD200D5D094 /* Products */ = {
			isa = PBXGroup;
			children = (
				CDDC6E2E18AB0DD200D5D094 /* WhereamiMap.app */,
				CDDC6E4F18AB0DD200D5D094 /* WhereamiMapTests.xctest */,
			);
			name = Products;
			sourceTree = "<group>";
		};
		CDDC6E3018AB0DD200D5D094 /* Frameworks */ = {
			isa = PBXGroup;
			children = (
				CDDC6E6818AB0ED800D5D094 /* MapKit.framework */,
				CDDC6E6618AB0DF000D5D094 /* CoreLocation.framework */,
				CDDC6E3118AB0DD200D5D094 /* Foundation.framework */,
				CDDC6E3318AB0DD200D5D094 /* CoreGraphics.framework */,
				CDDC6E3518AB0DD200D5D094 /* UIKit.framework */,
				CDDC6E5018AB0DD200D5D094 /* XCTest.framework */,
			);
			name = Frameworks;
			sourceTree = "<group>";
		};
		CDDC6E3718AB0DD200D5D094 /* WhereamiMap */ = {
			isa = PBXGroup;
			children = (
				CDDC6E4318AB0DD200D5D094 /* Main.storyboard */,
				CDDC6E4618AB0DD200D5D094 /* WhereamiMapViewController.h */,
				CDDC6E4718AB0DD200D5D094 /* WhereamiMapViewController.m */,
				CDDC6E6E18AB5D6F00D5D094 /* BNRMapPoint.h */,
				CDDC6E6F18AB5D6F00D5D094 /* BNRMapPoint.m */,
				CDDC6E4918AB0DD200D5D094 /* Images.xcassets */,
				CDDC6E3818AB0DD200D5D094 /* Supporting Files */,
			);
			path = WhereamiMap;
			sourceTree = "<group>";
		};
		CDDC6E3818AB0DD200D5D094 /* Supporting Files */ = {
			isa = PBXGroup;
			children = (
				CDDC6E4018AB0DD200D5D094 /* WhereamiMapAppDelegate.h */,
				CDDC6E4118AB0DD200D5D094 /* WhereamiMapAppDelegate.m */,
				CDDC6E3918AB0DD200D5D094 /* WhereamiMap-Info.plist */,
				CDDC6E3A18AB0DD200D5D094 /* InfoPlist.strings */,
				CDDC6E3D18AB0DD200D5D094 /* main.m */,
				CDDC6E3F18AB0DD200D5D094 /* WhereamiMap-Prefix.pch */,
			);
			name = "Supporting Files";
			sourceTree = "<group>";
		};
		CDDC6E5618AB0DD200D5D094 /* WhereamiMapTests */ = {
			isa = PBXGroup;
			children = (
				CDDC6E5C18AB0DD200D5D094 /* WhereamiMapTests.m */,
				CDDC6E5718AB0DD200D5D094 /* Supporting Files */,
			);
			path = WhereamiMapTests;
			sourceTree = "<group>";
		};
		CDDC6E5718AB0DD200D5D094 /* Supporting Files */ = {
			isa = PBXGroup;
			children = (
				CDDC6E5818AB0DD200D5D094 /* WhereamiMapTests-Info.plist */,
				CDDC6E5918AB0DD200D5D094 /* InfoPlist.strings */,
			);
			name = "Supporting Files";
			sourceTree = "<group>";
		};
/* End PBXGroup section */

/* Begin PBXNativeTarget section */
		CDDC6E2D18AB0DD200D5D094 /* WhereamiMap */ = {
			isa = PBXNativeTarget;
			buildConfigurationList = CDDC6E6018AB0DD200D5D094 /* Build configuration list for PBXNativeTarget "WhereamiMap" */;
			buildPhases = (
				CDDC6E2A18AB0DD200D5D094 /* Sources */,
				CDDC6E2B18AB0DD200D5D094 /* Frameworks */,
				CDDC6E2C18AB0DD200D5D094 /* Resources */,
			);
			buildRules = (
			);
			dependencies = (
			);
			name = WhereamiMap;
			productName = WhereamiMap;
			productReference = CDDC6E2E18AB0DD200D5D094 /* WhereamiMap.app */;
			productType = "com.apple.product-type.application";
		};
		CDDC6E4E18AB0DD200D5D094 /* WhereamiMapTests */ = {
			isa = PBXNativeTarget;
			buildConfigurationList = CDDC6E6318AB0DD200D5D094 /* Build configuration list for PBXNativeTarget "WhereamiMapTests" */;
			buildPhases = (
				CDDC6E4B18AB0DD200D5D094 /* Sources */,
				CDDC6E4C18AB0DD200D5D094 /* Frameworks */,
				CDDC6E4D18AB0DD200D5D094 /* Resources */,
			);
			buildRules = (
			);
			dependencies = (
				CDDC6E5518AB0DD200D5D094 /* PBXTargetDependency */,
			);
			name = WhereamiMapTests;
			productName = WhereamiMapTests;
			productReference = CDDC6E4F18AB0DD200D5D094 /* WhereamiMapTests.xctest */;
			productType = "com.apple.product-type.bundle.unit-test";
		};
/* End PBXNativeTarget section */

/* Begin PBXProject section */
		CDDC6E2618AB0DD200D5D094 /* Project object */ = {
			isa = PBXProject;
			attributes = {
				CLASSPREFIX = WhereamiMap;
				LastUpgradeCheck = 0500;
				ORGANIZATIONNAME = "Patrick Reynolds";
				TargetAttributes = {
					CDDC6E4E18AB0DD200D5D094 = {
						TestTargetID = CDDC6E2D18AB0DD200D5D094;
					};
				};
			};
			buildConfigurationList = CDDC6E2918AB0DD200D5D094 /* Build configuration list for PBXProject "WhereamiMap" */;
			compatibilityVersion = "Xcode 3.2";
			developmentRegion = English;
			hasScannedForEncodings = 0;
			knownRegions = (
				en,
				Base,
			);
			mainGroup = CDDC6E2518AB0DD200D5D094;
			productRefGroup = CDDC6E2F18AB0DD200D5D094 /* Products */;
			projectDirPath = "";
			projectRoot = "";
			targets = (
				CDDC6E2D18AB0DD200D5D094 /* WhereamiMap */,
				CDDC6E4E18AB0DD200D5D094 /* WhereamiMapTests */,
			);
		};
/* End PBXProject section */

/* Begin PBXResourcesBuildPhase section */
		CDDC6E2C18AB0DD200D5D094 /* Resources */ = {
			isa = PBXResourcesBuildPhase;
			buildActionMask = 2147483647;
			files = (
				CDDC6E4A18AB0DD200D5D094 /* Images.xcassets in Resources */,
				CDDC6E3C18AB0DD200D5D094 /* InfoPlist.strings in Resources */,
				CDDC6E4518AB0DD200D5D094 /* Main.storyboard in Resources */,
			);
			runOnlyForDeploymentPostprocessing = 0;
		};
		CDDC6E4D18AB0DD200D5D094 /* Resources */ = {
			isa = PBXResourcesBuildPhase;
			buildActionMask = 2147483647;
			files = (
				CDDC6E5B18AB0DD200D5D094 /* InfoPlist.strings in Resources */,
			);
			runOnlyForDeploymentPostprocessing = 0;
		};
/* End PBXResourcesBuildPhase section */

/* Begin PBXSourcesBuildPhase section */
		CDDC6E2A18AB0DD200D5D094 /* Sources */ = {
			isa = PBXSourcesBuildPhase;
			buildActionMask = 2147483647;
			files = (
				CDDC6E3E18AB0DD200D5D094 /* main.m in Sources */,
				CDDC6E4818AB0DD200D5D094 /* WhereamiMapViewController.m in Sources */,
				CDDC6E7018AB5D6F00D5D094 /* BNRMapPoint.m in Sources */,
				CDDC6E4218AB0DD200D5D094 /* WhereamiMapAppDelegate.m in Sources */,
			);
			runOnlyForDeploymentPostprocessing = 0;
		};
		CDDC6E4B18AB0DD200D5D094 /* Sources */ = {
			isa = PBXSourcesBuildPhase;
			buildActionMask = 2147483647;
			files = (
				CDDC6E5D18AB0DD200D5D094 /* WhereamiMapTests.m in Sources */,
			);
			runOnlyForDeploymentPostprocessing = 0;
		};
/* End PBXSourcesBuildPhase section */

/* Begin PBXTargetDependency section */
		CDDC6E5518AB0DD200D5D094 /* PBXTargetDependency */ = {
			isa = PBXTargetDependency;
			target = CDDC6E2D18AB0DD200D5D094 /* WhereamiMap */;
			targetProxy = CDDC6E5418AB0DD200D5D094 /* PBXContainerItemProxy */;
		};
/* End PBXTargetDependency section */

/* Begin PBXVariantGroup section */
		CDDC6E3A18AB0DD200D5D094 /* InfoPlist.strings */ = {
			isa = PBXVariantGroup;
			children = (
				CDDC6E3B18AB0DD200D5D094 /* en */,
			);
			name = InfoPlist.strings;
			sourceTree = "<group>";
		};
		CDDC6E4318AB0DD200D5D094 /* Main.storyboard */ = {
			isa = PBXVariantGroup;
			children = (
				CDDC6E4418AB0DD200D5D094 /* Base */,
			);
			name = Main.storyboard;
			sourceTree = "<group>";
		};
		CDDC6E5918AB0DD200D5D094 /* InfoPlist.strings */ = {
			isa = PBXVariantGroup;
			children = (
				CDDC6E5A18AB0DD200D5D094 /* en */,
			);
			name = InfoPlist.strings;
			sourceTree = "<group>";
		};
/* End PBXVariantGroup section */

/* Begin XCBuildConfiguration section */
		CDDC6E5E18AB0DD200D5D094 /* Debug */ = {
			isa = XCBuildConfiguration;
			buildSettings = {
				ALWAYS_SEARCH_USER_PATHS = NO;
				ARCHS = "$(ARCHS_STANDARD_INCLUDING_64_BIT)";
				CLANG_CXX_LANGUAGE_STANDARD = "gnu++0x";
				CLANG_CXX_LIBRARY = "libc++";
				CLANG_ENABLE_MODULES = YES;
				CLANG_ENABLE_OBJC_ARC = YES;
				CLANG_WARN_BOOL_CONVERSION = YES;
				CLANG_WARN_CONSTANT_CONVERSION = YES;
				CLANG_WARN_DIRECT_OBJC_ISA_USAGE = YES_ERROR;
				CLANG_WARN_EMPTY_BODY = YES;
				CLANG_WARN_ENUM_CONVERSION = YES;
				CLANG_WARN_INT_CONVERSION = YES;
				CLANG_WARN_OBJC_ROOT_CLASS = YES_ERROR;
				CLANG_WARN__DUPLICATE_METHOD_MATCH = YES;
				"CODE_SIGN_IDENTITY[sdk=iphoneos*]" = "iPhone Developer";
				COPY_PHASE_STRIP = NO;
				GCC_C_LANGUAGE_STANDARD = gnu99;
				GCC_DYNAMIC_NO_PIC = NO;
				GCC_OPTIMIZATION_LEVEL = 0;
				GCC_PREPROCESSOR_DEFINITIONS = (
					"DEBUG=1",
					"$(inherited)",
				);
				GCC_SYMBOLS_PRIVATE_EXTERN = NO;
				GCC_WARN_64_TO_32_BIT_CONVERSION = YES;
				GCC_WARN_ABOUT_RETURN_TYPE = YES_ERROR;
				GCC_WARN_UNDECLARED_SELECTOR = YES;
				GCC_WARN_UNINITIALIZED_AUTOS = YES;
				GCC_WARN_UNUSED_FUNCTION = YES;
				GCC_WARN_UNUSED_VARIABLE = YES;
				IPHONEOS_DEPLOYMENT_TARGET = 7.0;
				ONLY_ACTIVE_ARCH = YES;
				SDKROOT = iphoneos;
			};
			name = Debug;
		};
		CDDC6E5F18AB0DD200D5D094 /* Release */ = {
			isa = XCBuildConfiguration;
			buildSettings = {
				ALWAYS_SEARCH_USER_PATHS = NO;
				ARCHS = "$(ARCHS_STANDARD_INCLUDING_64_BIT)";
				CLANG_CXX_LANGUAGE_STANDARD = "gnu++0x";
				CLANG_CXX_LIBRARY = "libc++";
				CLANG_ENABLE_MODULES = YES;
				CLANG_ENABLE_OBJC_ARC = YES;
				CLANG_WARN_BOOL_CONVERSION = YES;
				CLANG_WARN_CONSTANT_CONVERSION = YES;
				CLANG_WARN_DIRECT_OBJC_ISA_USAGE = YES_ERROR;
				CLANG_WARN_EMPTY_BODY = YES;
				CLANG_WARN_ENUM_CONVERSION = YES;
				CLANG_WARN_INT_CONVERSION = YES;
				CLANG_WARN_OBJC_ROOT_CLASS = YES_ERROR;
				CLANG_WARN__DUPLICATE_METHOD_MATCH = YES;
				"CODE_SIGN_IDENTITY[sdk=iphoneos*]" = "iPhone Developer";
				COPY_PHASE_STRIP = YES;
				ENABLE_NS_ASSERTIONS = NO;
				GCC_C_LANGUAGE_STANDARD = gnu99;
				GCC_WARN_64_TO_32_BIT_CONVERSION = YES;
				GCC_WARN_ABOUT_RETURN_TYPE = YES_ERROR;
				GCC_WARN_UNDECLARED_SELECTOR = YES;
				GCC_WARN_UNINITIALIZED_AUTOS = YES;
				GCC_WARN_UNUSED_FUNCTION = YES;
				GCC_WARN_UNUSED_VARIABLE = YES;
				IPHONEOS_DEPLOYMENT_TARGET = 7.0;
				SDKROOT = iphoneos;
				VALIDATE_PRODUCT = YES;
			};
			name = Release;
		};
		CDDC6E6118AB0DD200D5D094 /* Debug */ = {
			isa = XCBuildConfiguration;
			buildSettings = {
				ASSETCATALOG_COMPILER_APPICON_NAME = AppIcon;
				ASSETCATALOG_COMPILER_LAUNCHIMAGE_NAME = LaunchImage;
				GCC_PRECOMPILE_PREFIX_HEADER = YES;
				GCC_PREFIX_HEADER = "WhereamiMap/WhereamiMap-Prefix.pch";
				INFOPLIST_FILE = "WhereamiMap/WhereamiMap-Info.plist";
				PRODUCT_NAME = "$(TARGET_NAME)";
				WRAPPER_EXTENSION = app;
			};
			name = Debug;
		};
		CDDC6E6218AB0DD200D5D094 /* Release */ = {
			isa = XCBuildConfiguration;
			buildSettings = {
				ASSETCATALOG_COMPILER_APPICON_NAME = AppIcon;
				ASSETCATALOG_COMPILER_LAUNCHIMAGE_NAME = LaunchImage;
				GCC_PRECOMPILE_PREFIX_HEADER = YES;
				GCC_PREFIX_HEADER = "WhereamiMap/WhereamiMap-Prefix.pch";
				INFOPLIST_FILE = "WhereamiMap/WhereamiMap-Info.plist";
				PRODUCT_NAME = "$(TARGET_NAME)";
				WRAPPER_EXTENSION = app;
			};
			name = Release;
		};
		CDDC6E6418AB0DD200D5D094 /* Debug */ = {
			isa = XCBuildConfiguration;
			buildSettings = {
				ARCHS = "$(ARCHS_STANDARD_INCLUDING_64_BIT)";
				BUNDLE_LOADER = "$(BUILT_PRODUCTS_DIR)/WhereamiMap.app/WhereamiMap";
				FRAMEWORK_SEARCH_PATHS = (
					"$(SDKROOT)/Developer/Library/Frameworks",
					"$(inherited)",
					"$(DEVELOPER_FRAMEWORKS_DIR)",
				);
				GCC_PRECOMPILE_PREFIX_HEADER = YES;
				GCC_PREFIX_HEADER = "WhereamiMap/WhereamiMap-Prefix.pch";
				GCC_PREPROCESSOR_DEFINITIONS = (
					"DEBUG=1",
					"$(inherited)",
				);
				INFOPLIST_FILE = "WhereamiMapTests/WhereamiMapTests-Info.plist";
				PRODUCT_NAME = "$(TARGET_NAME)";
				TEST_HOST = "$(BUNDLE_LOADER)";
				WRAPPER_EXTENSION = xctest;
			};
			name = Debug;
		};
		CDDC6E6518AB0DD200D5D094 /* Release */ = {
			isa = XCBuildConfiguration;
			buildSettings = {
				ARCHS = "$(ARCHS_STANDARD_INCLUDING_64_BIT)";
				BUNDLE_LOADER = "$(BUILT_PRODUCTS_DIR)/WhereamiMap.app/WhereamiMap";
				FRAMEWORK_SEARCH_PATHS = (
					"$(SDKROOT)/Developer/Library/Frameworks",
					"$(inherited)",
					"$(DEVELOPER_FRAMEWORKS_DIR)",
				);
				GCC_PRECOMPILE_PREFIX_HEADER = YES;
				GCC_PREFIX_HEADER = "WhereamiMap/WhereamiMap-Prefix.pch";
				INFOPLIST_FILE = "WhereamiMapTests/WhereamiMapTests-Info.plist";
				PRODUCT_NAME = "$(TARGET_NAME)";
				TEST_HOST = "$(BUNDLE_LOADER)";
				WRAPPER_EXTENSION = xctest;
			};
			name = Release;
		};
/* End XCBuildConfiguration section */

/* Begin XCConfigurationList section */
		CDDC6E2918AB0DD200D5D094 /* Build configuration list for PBXProject "WhereamiMap" */ = {
			isa = XCConfigurationList;
			buildConfigurations = (
				CDDC6E5E18AB0DD200D5D094 /* Debug */,
				CDDC6E5F18AB0DD200D5D094 /* Release */,
			);
			defaultConfigurationIsVisible = 0;
			defaultConfigurationName = Release;
		};
		CDDC6E6018AB0DD200D5D094 /* Build configuration list for PBXNativeTarget "WhereamiMap" */ = {
			isa = XCConfigurationList;
			buildConfigurations = (
				CDDC6E6118AB0DD200D5D094 /* Debug */,
				CDDC6E6218AB0DD200D5D094 /* Release */,
			);
			defaultConfigurationIsVisible = 0;
			defaultConfigurationName = Release;
		};
		CDDC6E6318AB0DD200D5D094 /* Build configuration list for PBXNativeTarget "WhereamiMapTests" */ = {
			isa = XCConfigurationList;
			buildConfigurations = (
				CDDC6E6418AB0DD200D5D094 /* Debug */,
				CDDC6E6518AB0DD200D5D094 /* Release */,
			);
			defaultConfigurationIsVisible = 0;
			defaultConfigurationName = Release;
		};
/* End XCConfigurationList section */
	};
	rootObject = CDDC6E2618AB0DD200D5D094 /* Project object */;
}
