// !$*UTF8*$!
{
	archiveVersion = 1;
	classes = {
	};
	objectVersion = 46;
	objects = {

/* Begin PBXBuildFile section */
		CDDC6DEF18AAF19000D5D094 /* Foundation.framework in Frameworks */ = {isa = PBXBuildFile; fileRef = CDDC6DEE18AAF19000D5D094 /* Foundation.framework */; };
		CDDC6DF118AAF19000D5D094 /* CoreGraphics.framework in Frameworks */ = {isa = PBXBuildFile; fileRef = CDDC6DF018AAF19000D5D094 /* CoreGraphics.framework */; };
		CDDC6DF318AAF19000D5D094 /* UIKit.framework in Frameworks */ = {isa = PBXBuildFile; fileRef = CDDC6DF218AAF19000D5D094 /* UIKit.framework */; };
		CDDC6DF918AAF19000D5D094 /* InfoPlist.strings in Resources */ = {isa = PBXBuildFile; fileRef = CDDC6DF718AAF19000D5D094 /* InfoPlist.strings */; };
		CDDC6DFB18AAF19000D5D094 /* main.m in Sources */ = {isa = PBXBuildFile; fileRef = CDDC6DFA18AAF19000D5D094 /* main.m */; };
		CDDC6DFF18AAF19000D5D094 /* WhereamiAppDelegate.m in Sources */ = {isa = PBXBuildFile; fileRef = CDDC6DFE18AAF19000D5D094 /* WhereamiAppDelegate.m */; };
		CDDC6E0218AAF19000D5D094 /* Main.storyboard in Resources */ = {isa = PBXBuildFile; fileRef = CDDC6E0018AAF19000D5D094 /* Main.storyboard */; };
		CDDC6E0518AAF19000D5D094 /* WhereamiViewController.m in Sources */ = {isa = PBXBuildFile; fileRef = CDDC6E0418AAF19000D5D094 /* WhereamiViewController.m */; };
		CDDC6E0718AAF19000D5D094 /* Images.xcassets in Resources */ = {isa = PBXBuildFile; fileRef = CDDC6E0618AAF19000D5D094 /* Images.xcassets */; };
		CDDC6E0E18AAF19000D5D094 /* XCTest.framework in Frameworks */ = {isa = PBXBuildFile; fileRef = CDDC6E0D18AAF19000D5D094 /* XCTest.framework */; };
		CDDC6E0F18AAF19000D5D094 /* Foundation.framework in Frameworks */ = {isa = PBXBuildFile; fileRef = CDDC6DEE18AAF19000D5D094 /* Foundation.framework */; };
		CDDC6E1018AAF19000D5D094 /* UIKit.framework in Frameworks */ = {isa = PBXBuildFile; fileRef = CDDC6DF218AAF19000D5D094 /* UIKit.framework */; };
		CDDC6E1818AAF19000D5D094 /* InfoPlist.strings in Resources */ = {isa = PBXBuildFile; fileRef = CDDC6E1618AAF19000D5D094 /* InfoPlist.strings */; };
		CDDC6E1A18AAF19000D5D094 /* WhereamiTests.m in Sources */ = {isa = PBXBuildFile; fileRef = CDDC6E1918AAF19000D5D094 /* WhereamiTests.m */; };
		CDDC6E2418AAF1C300D5D094 /* CoreLocation.framework in Frameworks */ = {isa = PBXBuildFile; fileRef = CDDC6E2318AAF1C300D5D094 /* CoreLocation.framework */; };
/* End PBXBuildFile section */

/* Begin PBXContainerItemProxy section */
		CDDC6E1118AAF19000D5D094 /* PBXContainerItemProxy */ = {
			isa = PBXContainerItemProxy;
			containerPortal = CDDC6DE318AAF19000D5D094 /* Project object */;
			proxyType = 1;
			remoteGlobalIDString = CDDC6DEA18AAF19000D5D094;
			remoteInfo = Whereami;
		};
/* End PBXContainerItemProxy section */

/* Begin PBXFileReference section */
		CDDC6DEB18AAF19000D5D094 /* Whereami.app */ = {isa = PBXFileReference; explicitFileType = wrapper.application; includeInIndex = 0; path = Whereami.app; sourceTree = BUILT_PRODUCTS_DIR; };
		CDDC6DEE18AAF19000D5D094 /* Foundation.framework */ = {isa = PBXFileReference; lastKnownFileType = wrapper.framework; name = Foundation.framework; path = System/Library/Frameworks/Foundation.framework; sourceTree = SDKROOT; };
		CDDC6DF018AAF19000D5D094 /* CoreGraphics.framework */ = {isa = PBXFileReference; lastKnownFileType = wrapper.framework; name = CoreGraphics.framework; path = System/Library/Frameworks/CoreGraphics.framework; sourceTree = SDKROOT; };
		CDDC6DF218AAF19000D5D094 /* UIKit.framework */ = {isa = PBXFileReference; lastKnownFileType = wrapper.framework; name = UIKit.framework; path = System/Library/Frameworks/UIKit.framework; sourceTree = SDKROOT; };
		CDDC6DF618AAF19000D5D094 /* Whereami-Info.plist */ = {isa = PBXFileReference; lastKnownFileType = text.plist.xml; path = "Whereami-Info.plist"; sourceTree = "<group>"; };
		CDDC6DF818AAF19000D5D094 /* en */ = {isa = PBXFileReference; lastKnownFileType = text.plist.strings; name = en; path = en.lproj/InfoPlist.strings; sourceTree = "<group>"; };
		CDDC6DFA18AAF19000D5D094 /* main.m */ = {isa = PBXFileReference; lastKnownFileType = sourcecode.c.objc; path = main.m; sourceTree = "<group>"; };
		CDDC6DFC18AAF19000D5D094 /* Whereami-Prefix.pch */ = {isa = PBXFileReference; lastKnownFileType = sourcecode.c.h; path = "Whereami-Prefix.pch"; sourceTree = "<group>"; };
		CDDC6DFD18AAF19000D5D094 /* WhereamiAppDelegate.h */ = {isa = PBXFileReference; lastKnownFileType = sourcecode.c.h; path = WhereamiAppDelegate.h; sourceTree = "<group>"; };
		CDDC6DFE18AAF19000D5D094 /* WhereamiAppDelegate.m */ = {isa = PBXFileReference; lastKnownFileType = sourcecode.c.objc; path = WhereamiAppDelegate.m; sourceTree = "<group>"; };
		CDDC6E0118AAF19000D5D094 /* Base */ = {isa = PBXFileReference; lastKnownFileType = file.storyboard; name = Base; path = Base.lproj/Main.storyboard; sourceTree = "<group>"; };
		CDDC6E0318AAF19000D5D094 /* WhereamiViewController.h */ = {isa = PBXFileReference; lastKnownFileType = sourcecode.c.h; path = WhereamiViewController.h; sourceTree = "<group>"; };
		CDDC6E0418AAF19000D5D094 /* WhereamiViewController.m */ = {isa = PBXFileReference; lastKnownFileType = sourcecode.c.objc; path = WhereamiViewController.m; sourceTree = "<group>"; };
		CDDC6E0618AAF19000D5D094 /* Images.xcassets */ = {isa = PBXFileReference; lastKnownFileType = folder.assetcatalog; path = Images.xcassets; sourceTree = "<group>"; };
		CDDC6E0C18AAF19000D5D094 /* WhereamiTests.xctest */ = {isa = PBXFileReference; explicitFileType = wrapper.cfbundle; includeInIndex = 0; path = WhereamiTests.xctest; sourceTree = BUILT_PRODUCTS_DIR; };
		CDDC6E0D18AAF19000D5D094 /* XCTest.framework */ = {isa = PBXFileReference; lastKnownFileType = wrapper.framework; name = XCTest.framework; path = Library/Frameworks/XCTest.framework; sourceTree = DEVELOPER_DIR; };
		CDDC6E1518AAF19000D5D094 /* WhereamiTests-Info.plist */ = {isa = PBXFileReference; lastKnownFileType = text.plist.xml; path = "WhereamiTests-Info.plist"; sourceTree = "<group>"; };
		CDDC6E1718AAF19000D5D094 /* en */ = {isa = PBXFileReference; lastKnownFileType = text.plist.strings; name = en; path = en.lproj/InfoPlist.strings; sourceTree = "<group>"; };
		CDDC6E1918AAF19000D5D094 /* WhereamiTests.m */ = {isa = PBXFileReference; lastKnownFileType = sourcecode.c.objc; path = WhereamiTests.m; sourceTree = "<group>"; };
		CDDC6E2318AAF1C300D5D094 /* CoreLocation.framework */ = {isa = PBXFileReference; lastKnownFileType = wrapper.framework; name = CoreLocation.framework; path = System/Library/Frameworks/CoreLocation.framework; sourceTree = SDKROOT; };
/* End PBXFileReference section */

/* Begin PBXFrameworksBuildPhase section */
		CDDC6DE818AAF19000D5D094 /* Frameworks */ = {
			isa = PBXFrameworksBuildPhase;
			buildActionMask = 2147483647;
			files = (
				CDDC6E2418AAF1C300D5D094 /* CoreLocation.framework in Frameworks */,
				CDDC6DF118AAF19000D5D094 /* CoreGraphics.framework in Frameworks */,
				CDDC6DF318AAF19000D5D094 /* UIKit.framework in Frameworks */,
				CDDC6DEF18AAF19000D5D094 /* Foundation.framework in Frameworks */,
			);
			runOnlyForDeploymentPostprocessing = 0;
		};
		CDDC6E0918AAF19000D5D094 /* Frameworks */ = {
			isa = PBXFrameworksBuildPhase;
			buildActionMask = 2147483647;
			files = (
				CDDC6E0E18AAF19000D5D094 /* XCTest.framework in Frameworks */,
				CDDC6E1018AAF19000D5D094 /* UIKit.framework in Frameworks */,
				CDDC6E0F18AAF19000D5D094 /* Foundation.framework in Frameworks */,
			);
			runOnlyForDeploymentPostprocessing = 0;
		};
/* End PBXFrameworksBuildPhase section */

/* Begin PBXGroup section */
		CDDC6DE218AAF19000D5D094 = {
			isa = PBXGroup;
			children = (
				CDDC6DF418AAF19000D5D094 /* Whereami */,
				CDDC6E1318AAF19000D5D094 /* WhereamiTests */,
				CDDC6DED18AAF19000D5D094 /* Frameworks */,
				CDDC6DEC18AAF19000D5D094 /* Products */,
			);
			sourceTree = "<group>";
		};
		CDDC6DEC18AAF19000D5D094 /* Products */ = {
			isa = PBXGroup;
			children = (
				CDDC6DEB18AAF19000D5D094 /* Whereami.app */,
				CDDC6E0C18AAF19000D5D094 /* WhereamiTests.xctest */,
			);
			name = Products;
			sourceTree = "<group>";
		};
		CDDC6DED18AAF19000D5D094 /* Frameworks */ = {
			isa = PBXGroup;
			children = (
				CDDC6E2318AAF1C300D5D094 /* CoreLocation.framework */,
				CDDC6DEE18AAF19000D5D094 /* Foundation.framework */,
				CDDC6DF018AAF19000D5D094 /* CoreGraphics.framework */,
				CDDC6DF218AAF19000D5D094 /* UIKit.framework */,
				CDDC6E0D18AAF19000D5D094 /* XCTest.framework */,
			);
			name = Frameworks;
			sourceTree = "<group>";
		};
		CDDC6DF418AAF19000D5D094 /* Whereami */ = {
			isa = PBXGroup;
			children = (
				CDDC6E0018AAF19000D5D094 /* Main.storyboard */,
				CDDC6E0318AAF19000D5D094 /* WhereamiViewController.h */,
				CDDC6E0418AAF19000D5D094 /* WhereamiViewController.m */,
				CDDC6E0618AAF19000D5D094 /* Images.xcassets */,
				CDDC6DF518AAF19000D5D094 /* Supporting Files */,
			);
			path = Whereami;
			sourceTree = "<group>";
		};
		CDDC6DF518AAF19000D5D094 /* Supporting Files */ = {
			isa = PBXGroup;
			children = (
				CDDC6DFD18AAF19000D5D094 /* WhereamiAppDelegate.h */,
				CDDC6DFE18AAF19000D5D094 /* WhereamiAppDelegate.m */,
				CDDC6DF618AAF19000D5D094 /* Whereami-Info.plist */,
				CDDC6DF718AAF19000D5D094 /* InfoPlist.strings */,
				CDDC6DFA18AAF19000D5D094 /* main.m */,
				CDDC6DFC18AAF19000D5D094 /* Whereami-Prefix.pch */,
			);
			name = "Supporting Files";
			sourceTree = "<group>";
		};
		CDDC6E1318AAF19000D5D094 /* WhereamiTests */ = {
			isa = PBXGroup;
			children = (
				CDDC6E1918AAF19000D5D094 /* WhereamiTests.m */,
				CDDC6E1418AAF19000D5D094 /* Supporting Files */,
			);
			path = WhereamiTests;
			sourceTree = "<group>";
		};
		CDDC6E1418AAF19000D5D094 /* Supporting Files */ = {
			isa = PBXGroup;
			children = (
				CDDC6E1518AAF19000D5D094 /* WhereamiTests-Info.plist */,
				CDDC6E1618AAF19000D5D094 /* InfoPlist.strings */,
			);
			name = "Supporting Files";
			sourceTree = "<group>";
		};
/* End PBXGroup section */

/* Begin PBXNativeTarget section */
		CDDC6DEA18AAF19000D5D094 /* Whereami */ = {
			isa = PBXNativeTarget;
			buildConfigurationList = CDDC6E1D18AAF19000D5D094 /* Build configuration list for PBXNativeTarget "Whereami" */;
			buildPhases = (
				CDDC6DE718AAF19000D5D094 /* Sources */,
				CDDC6DE818AAF19000D5D094 /* Frameworks */,
				CDDC6DE918AAF19000D5D094 /* Resources */,
			);
			buildRules = (
			);
			dependencies = (
			);
			name = Whereami;
			productName = Whereami;
			productReference = CDDC6DEB18AAF19000D5D094 /* Whereami.app */;
			productType = "com.apple.product-type.application";
		};
		CDDC6E0B18AAF19000D5D094 /* WhereamiTests */ = {
			isa = PBXNativeTarget;
			buildConfigurationList = CDDC6E2018AAF19000D5D094 /* Build configuration list for PBXNativeTarget "WhereamiTests" */;
			buildPhases = (
				CDDC6E0818AAF19000D5D094 /* Sources */,
				CDDC6E0918AAF19000D5D094 /* Frameworks */,
				CDDC6E0A18AAF19000D5D094 /* Resources */,
			);
			buildRules = (
			);
			dependencies = (
				CDDC6E1218AAF19000D5D094 /* PBXTargetDependency */,
			);
			name = WhereamiTests;
			productName = WhereamiTests;
			productReference = CDDC6E0C18AAF19000D5D094 /* WhereamiTests.xctest */;
			productType = "com.apple.product-type.bundle.unit-test";
		};
/* End PBXNativeTarget section */

/* Begin PBXProject section */
		CDDC6DE318AAF19000D5D094 /* Project object */ = {
			isa = PBXProject;
			attributes = {
				CLASSPREFIX = Whereami;
				LastUpgradeCheck = 0500;
				ORGANIZATIONNAME = "Patrick Reynolds";
				TargetAttributes = {
					CDDC6E0B18AAF19000D5D094 = {
						TestTargetID = CDDC6DEA18AAF19000D5D094;
					};
				};
			};
			buildConfigurationList = CDDC6DE618AAF19000D5D094 /* Build configuration list for PBXProject "Whereami" */;
			compatibilityVersion = "Xcode 3.2";
			developmentRegion = English;
			hasScannedForEncodings = 0;
			knownRegions = (
				en,
				Base,
			);
			mainGroup = CDDC6DE218AAF19000D5D094;
			productRefGroup = CDDC6DEC18AAF19000D5D094 /* Products */;
			projectDirPath = "";
			projectRoot = "";
			targets = (
				CDDC6DEA18AAF19000D5D094 /* Whereami */,
				CDDC6E0B18AAF19000D5D094 /* WhereamiTests */,
			);
		};
/* End PBXProject section */

/* Begin PBXResourcesBuildPhase section */
		CDDC6DE918AAF19000D5D094 /* Resources */ = {
			isa = PBXResourcesBuildPhase;
			buildActionMask = 2147483647;
			files = (
				CDDC6E0718AAF19000D5D094 /* Images.xcassets in Resources */,
				CDDC6DF918AAF19000D5D094 /* InfoPlist.strings in Resources */,
				CDDC6E0218AAF19000D5D094 /* Main.storyboard in Resources */,
			);
			runOnlyForDeploymentPostprocessing = 0;
		};
		CDDC6E0A18AAF19000D5D094 /* Resources */ = {
			isa = PBXResourcesBuildPhase;
			buildActionMask = 2147483647;
			files = (
				CDDC6E1818AAF19000D5D094 /* InfoPlist.strings in Resources */,
			);
			runOnlyForDeploymentPostprocessing = 0;
		};
/* End PBXResourcesBuildPhase section */

/* Begin PBXSourcesBuildPhase section */
		CDDC6DE718AAF19000D5D094 /* Sources */ = {
			isa = PBXSourcesBuildPhase;
			buildActionMask = 2147483647;
			files = (
				CDDC6DFF18AAF19000D5D094 /* WhereamiAppDelegate.m in Sources */,
				CDDC6DFB18AAF19000D5D094 /* main.m in Sources */,
				CDDC6E0518AAF19000D5D094 /* WhereamiViewController.m in Sources */,
			);
			runOnlyForDeploymentPostprocessing = 0;
		};
		CDDC6E0818AAF19000D5D094 /* Sources */ = {
			isa = PBXSourcesBuildPhase;
			buildActionMask = 2147483647;
			files = (
				CDDC6E1A18AAF19000D5D094 /* WhereamiTests.m in Sources */,
			);
			runOnlyForDeploymentPostprocessing = 0;
		};
/* End PBXSourcesBuildPhase section */

/* Begin PBXTargetDependency section */
		CDDC6E1218AAF19000D5D094 /* PBXTargetDependency */ = {
			isa = PBXTargetDependency;
			target = CDDC6DEA18AAF19000D5D094 /* Whereami */;
			targetProxy = CDDC6E1118AAF19000D5D094 /* PBXContainerItemProxy */;
		};
/* End PBXTargetDependency section */

/* Begin PBXVariantGroup section */
		CDDC6DF718AAF19000D5D094 /* InfoPlist.strings */ = {
			isa = PBXVariantGroup;
			children = (
				CDDC6DF818AAF19000D5D094 /* en */,
			);
			name = InfoPlist.strings;
			sourceTree = "<group>";
		};
		CDDC6E0018AAF19000D5D094 /* Main.storyboard */ = {
			isa = PBXVariantGroup;
			children = (
				CDDC6E0118AAF19000D5D094 /* Base */,
			);
			name = Main.storyboard;
			sourceTree = "<group>";
		};
		CDDC6E1618AAF19000D5D094 /* InfoPlist.strings */ = {
			isa = PBXVariantGroup;
			children = (
				CDDC6E1718AAF19000D5D094 /* en */,
			);
			name = InfoPlist.strings;
			sourceTree = "<group>";
		};
/* End PBXVariantGroup section */

/* Begin XCBuildConfiguration section */
		CDDC6E1B18AAF19000D5D094 /* Debug */ = {
			isa = XCBuildConfiguration;
			buildSettings = {
				ALWAYS_SEARCH_USER_PATHS = NO;
				ARCHS = "$(ARCHS_STANDARD_INCLUDING_64_BIT)";
				CLANG_CXX_LANGUAGE_STANDARD = "gnu++0x";
				CLANG_CXX_LIBRARY = "libc++";
				CLANG_ENABLE_MODULES = YES;
				CLANG_ENABLE_OBJC_ARC = YES;
				CLANG_WARN_BOOL_CONVERSION = YES;
				CLANG_WARN_CONSTANT_CONVERSION = YES;
				CLANG_WARN_DIRECT_OBJC_ISA_USAGE = YES_ERROR;
				CLANG_WARN_EMPTY_BODY = YES;
				CLANG_WARN_ENUM_CONVERSION = YES;
				CLANG_WARN_INT_CONVERSION = YES;
				CLANG_WARN_OBJC_ROOT_CLASS = YES_ERROR;
				CLANG_WARN__DUPLICATE_METHOD_MATCH = YES;
				"CODE_SIGN_IDENTITY[sdk=iphoneos*]" = "iPhone Developer";
				COPY_PHASE_STRIP = NO;
				GCC_C_LANGUAGE_STANDARD = gnu99;
				GCC_DYNAMIC_NO_PIC = NO;
				GCC_OPTIMIZATION_LEVEL = 0;
				GCC_PREPROCESSOR_DEFINITIONS = (
					"DEBUG=1",
					"$(inherited)",
				);
				GCC_SYMBOLS_PRIVATE_EXTERN = NO;
				GCC_WARN_64_TO_32_BIT_CONVERSION = YES;
				GCC_WARN_ABOUT_RETURN_TYPE = YES_ERROR;
				GCC_WARN_UNDECLARED_SELECTOR = YES;
				GCC_WARN_UNINITIALIZED_AUTOS = YES;
				GCC_WARN_UNUSED_FUNCTION = YES;
				GCC_WARN_UNUSED_VARIABLE = YES;
				IPHONEOS_DEPLOYMENT_TARGET = 7.0;
				ONLY_ACTIVE_ARCH = YES;
				SDKROOT = iphoneos;
			};
			name = Debug;
		};
		CDDC6E1C18AAF19000D5D094 /* Release */ = {
			isa = XCBuildConfiguration;
			buildSettings = {
				ALWAYS_SEARCH_USER_PATHS = NO;
				ARCHS = "$(ARCHS_STANDARD_INCLUDING_64_BIT)";
				CLANG_CXX_LANGUAGE_STANDARD = "gnu++0x";
				CLANG_CXX_LIBRARY = "libc++";
				CLANG_ENABLE_MODULES = YES;
				CLANG_ENABLE_OBJC_ARC = YES;
				CLANG_WARN_BOOL_CONVERSION = YES;
				CLANG_WARN_CONSTANT_CONVERSION = YES;
				CLANG_WARN_DIRECT_OBJC_ISA_USAGE = YES_ERROR;
				CLANG_WARN_EMPTY_BODY = YES;
				CLANG_WARN_ENUM_CONVERSION = YES;
				CLANG_WARN_INT_CONVERSION = YES;
				CLANG_WARN_OBJC_ROOT_CLASS = YES_ERROR;
				CLANG_WARN__DUPLICATE_METHOD_MATCH = YES;
				"CODE_SIGN_IDENTITY[sdk=iphoneos*]" = "iPhone Developer";
				COPY_PHASE_STRIP = YES;
				ENABLE_NS_ASSERTIONS = NO;
				GCC_C_LANGUAGE_STANDARD = gnu99;
				GCC_WARN_64_TO_32_BIT_CONVERSION = YES;
				GCC_WARN_ABOUT_RETURN_TYPE = YES_ERROR;
				GCC_WARN_UNDECLARED_SELECTOR = YES;
				GCC_WARN_UNINITIALIZED_AUTOS = YES;
				GCC_WARN_UNUSED_FUNCTION = YES;
				GCC_WARN_UNUSED_VARIABLE = YES;
				IPHONEOS_DEPLOYMENT_TARGET = 7.0;
				SDKROOT = iphoneos;
				VALIDATE_PRODUCT = YES;
			};
			name = Release;
		};
		CDDC6E1E18AAF19000D5D094 /* Debug */ = {
			isa = XCBuildConfiguration;
			buildSettings = {
				ASSETCATALOG_COMPILER_APPICON_NAME = AppIcon;
				ASSETCATALOG_COMPILER_LAUNCHIMAGE_NAME = LaunchImage;
				GCC_PRECOMPILE_PREFIX_HEADER = YES;
				GCC_PREFIX_HEADER = "Whereami/Whereami-Prefix.pch";
				INFOPLIST_FILE = "Whereami/Whereami-Info.plist";
				PRODUCT_NAME = "$(TARGET_NAME)";
				WRAPPER_EXTENSION = app;
			};
			name = Debug;
		};
		CDDC6E1F18AAF19000D5D094 /* Release */ = {
			isa = XCBuildConfiguration;
			buildSettings = {
				ASSETCATALOG_COMPILER_APPICON_NAME = AppIcon;
				ASSETCATALOG_COMPILER_LAUNCHIMAGE_NAME = LaunchImage;
				GCC_PRECOMPILE_PREFIX_HEADER = YES;
				GCC_PREFIX_HEADER = "Whereami/Whereami-Prefix.pch";
				INFOPLIST_FILE = "Whereami/Whereami-Info.plist";
				PRODUCT_NAME = "$(TARGET_NAME)";
				WRAPPER_EXTENSION = app;
			};
			name = Release;
		};
		CDDC6E2118AAF19000D5D094 /* Debug */ = {
			isa = XCBuildConfiguration;
			buildSettings = {
				ARCHS = "$(ARCHS_STANDARD_INCLUDING_64_BIT)";
				BUNDLE_LOADER = "$(BUILT_PRODUCTS_DIR)/Whereami.app/Whereami";
				FRAMEWORK_SEARCH_PATHS = (
					"$(SDKROOT)/Developer/Library/Frameworks",
					"$(inherited)",
					"$(DEVELOPER_FRAMEWORKS_DIR)",
				);
				GCC_PRECOMPILE_PREFIX_HEADER = YES;
				GCC_PREFIX_HEADER = "Whereami/Whereami-Prefix.pch";
				GCC_PREPROCESSOR_DEFINITIONS = (
					"DEBUG=1",
					"$(inherited)",
				);
				INFOPLIST_FILE = "WhereamiTests/WhereamiTests-Info.plist";
				PRODUCT_NAME = "$(TARGET_NAME)";
				TEST_HOST = "$(BUNDLE_LOADER)";
				WRAPPER_EXTENSION = xctest;
			};
			name = Debug;
		};
		CDDC6E2218AAF19000D5D094 /* Release */ = {
			isa = XCBuildConfiguration;
			buildSettings = {
				ARCHS = "$(ARCHS_STANDARD_INCLUDING_64_BIT)";
				BUNDLE_LOADER = "$(BUILT_PRODUCTS_DIR)/Whereami.app/Whereami";
				FRAMEWORK_SEARCH_PATHS = (
					"$(SDKROOT)/Developer/Library/Frameworks",
					"$(inherited)",
					"$(DEVELOPER_FRAMEWORKS_DIR)",
				);
				GCC_PRECOMPILE_PREFIX_HEADER = YES;
				GCC_PREFIX_HEADER = "Whereami/Whereami-Prefix.pch";
				INFOPLIST_FILE = "WhereamiTests/WhereamiTests-Info.plist";
				PRODUCT_NAME = "$(TARGET_NAME)";
				TEST_HOST = "$(BUNDLE_LOADER)";
				WRAPPER_EXTENSION = xctest;
			};
			name = Release;
		};
/* End XCBuildConfiguration section */

/* Begin XCConfigurationList section */
		CDDC6DE618AAF19000D5D094 /* Build configuration list for PBXProject "Whereami" */ = {
			isa = XCConfigurationList;
			buildConfigurations = (
				CDDC6E1B18AAF19000D5D094 /* Debug */,
				CDDC6E1C18AAF19000D5D094 /* Release */,
			);
			defaultConfigurationIsVisible = 0;
			defaultConfigurationName = Release;
		};
		CDDC6E1D18AAF19000D5D094 /* Build configuration list for PBXNativeTarget "Whereami" */ = {
			isa = XCConfigurationList;
			buildConfigurations = (
				CDDC6E1E18AAF19000D5D094 /* Debug */,
				CDDC6E1F18AAF19000D5D094 /* Release */,
			);
			defaultConfigurationIsVisible = 0;
		};
		CDDC6E2018AAF19000D5D094 /* Build configuration list for PBXNativeTarget "WhereamiTests" */ = {
			isa = XCConfigurationList;
			buildConfigurations = (
				CDDC6E2118AAF19000D5D094 /* Debug */,
				CDDC6E2218AAF19000D5D094 /* Release */,
			);
			defaultConfigurationIsVisible = 0;
		};
/* End XCConfigurationList section */
	};
	rootObject = CDDC6DE318AAF19000D5D094 /* Project object */;
}
